
Microsoft Visual Studio Solution File, Format Version 12.00
# Visual Studio 15
VisualStudioVersion = 15.0.28307.1022
MinimumVisualStudioVersion = 10.0.40219.1
Project("{9A19103F-16F7-4668-BE54-9A1E7A4F7556}") = "Grammar", "Grammar.csproj", "{CFF414E6-66C2-40A7-99AD-72A0BD4D4DA2}"
EndProject
Project("{FAE04EC0-301F-11D3-BF4B-00C04F79EFBC}") = "Moo Editor Guides", "..\Moo Editor Guides\Moo Editor Guides.csproj", "{E5C2B42F-492F-49A2-9C3B-04479B51433F}"
EndProject
Global
	GlobalSection(SolutionConfigurationPlatforms) = preSolution
		Debug|Any CPU = Debug|Any CPU
		Release|Any CPU = Release|Any CPU
	EndGlobalSection
	GlobalSection(ProjectConfigurationPlatforms) = postSolution
		{CFF414E6-66C2-40A7-99AD-72A0BD4D4DA2}.Debug|Any CPU.ActiveCfg = Debug|Any CPU
		{CFF414E6-66C2-40A7-99AD-72A0BD4D4DA2}.Debug|Any CPU.Build.0 = Debug|Any CPU
		{CFF414E6-66C2-40A7-99AD-72A0BD4D4DA2}.Release|Any CPU.ActiveCfg = Release|Any CPU
		{CFF414E6-66C2-40A7-99AD-72A0BD4D4DA2}.Release|Any CPU.Build.0 = Release|Any CPU
		{E5C2B42F-492F-49A2-9C3B-04479B51433F}.Debug|Any CPU.ActiveCfg = Debug|Any CPU
		{E5C2B42F-492F-49A2-9C3B-04479B51433F}.Debug|Any CPU.Build.0 = Debug|Any CPU
		{E5C2B42F-492F-49A2-9C3B-04479B51433F}.Release|Any CPU.ActiveCfg = Release|Any CPU
		{E5C2B42F-492F-49A2-9C3B-04479B51433F}.Release|Any CPU.Build.0 = Release|Any CPU
	EndGlobalSection
	GlobalSection(SolutionProperties) = preSolution
		HideSolutionNode = FALSE
	EndGlobalSection
	GlobalSection(ExtensibilityGlobals) = postSolution
		SolutionGuid = {AC765771-EA0F-461B-ADD3-497391F678A6}
	EndGlobalSection
EndGlobal
